# Linux x86_64 / CPython 3.12. Generated from requirements.in; exact wheel hashes.
amqp==5.3.1 --hash=sha256:43b3319e1b4e7d1251833a93d672b4af1e40f3d632d479b98661a95f117880a2
ansicon==1.89.0 --hash=sha256:f1def52d17f65c2c9682cf8370c03f541f410c1752d6a14029f97318e4b9dfec
apify-fingerprint-datapoints==0.15.0 --hash=sha256:fc9299b3136880f47b468897cd00ac622ad2c2a93e9cc9f972d10dbf5ed2b3aa
asgiref==3.12.1 --hash=sha256:fe386d1c2bff7259ea95929266d12a8cf9a8b5a1c2598402967d8792e7a7c094
azure-core==1.41.0 --hash=sha256:522b4011e8180b1a3dcd2024396a4e7fe9ac37fb8597db47163d230b5efe892d
azure-storage-blob==12.23.0 --hash=sha256:8ac4b34624ed075eda1e38f0c6dadb601e1b199e27a09aa63edc429bf4a23329
beautifulsoup4==4.12.3 --hash=sha256:b80878c9f40111313e55da8ba20bdba06d8fa3969fc68304167741bbf9e082ed
billiard==4.2.4 --hash=sha256:525b42bdec68d2b983347ac312f892db930858495db601b5836ac24e6477cde5
blessed==1.49.0 --hash=sha256:770279b4066218f38a06ee87976ccc658fbffd4ffb43a5ee1e9a5eef3d4f3ba0
browserforge==1.2.4 --hash=sha256:fb1c14e62ac09de221dcfc73074200269f697596c642cb200ceaab1127a17542
camoufox==0.5.4 --hash=sha256:c3f5fc4de0416d0f3363c029267c61718a3fda9e2668f526aff982ae36c30703
celery==5.4.0 --hash=sha256:369631eb580cf8c51a82721ec538684994f8277637edde2dfc0dacd73ed97f64
certifi==2026.7.22 --hash=sha256:62f22742b58a1a33014a2b6b706588a8d7e2a88ae7bd1a6ebe8c992928483775
cffi==2.1.1 --hash=sha256:c1453022f490d2459a11819d83ad1d586e9ff65a12ac3e705ffebd46d3685dcf
charset-normalizer==3.5.1 --hash=sha256:b9af956078716df40d985fb0dfeb2c2120c5ca92ba4ff4b388acfd01cdc14d08
click==8.5.0 --hash=sha256:255bc9599cf7748b4b1a446ccc735421bd08a2ae529a8b88597d3de5664ee360
click-didyoumean==0.3.1 --hash=sha256:5c4bb6007cfea5f2fd6583a2fb6701a22a41eb98957e63d0fac41c10e7c3117c
click-plugins==1.1.1.2 --hash=sha256:008d65743833ffc1f5417bf0e78e8d2c23aab04d9745ba817bd3e71b0feb6aa6
click-repl==0.3.0 --hash=sha256:fb7e06deb8da8de86180a33a9da97ac316751c094c6899382da7feeeeb51b812
colorama==0.4.6 --hash=sha256:4f1d9991f5acc0ca119f9d443620b77f9d6b33703e51011c16baf57afb285fc6
cryptography==50.0.1 --hash=sha256:ff838d62ec1bfce4f9ba7fa16f4a7b554cd8d0c299e6be37502161a660c84eef
Django==5.0.6 --hash=sha256:8363ac062bb4ef7c3f12d078f6fa5d154031d129a15170a1066412af49d30905
editor==1.8.0 --hash=sha256:7d47ff88ae6c5f6c43d28c30b6f7fd59a24741175a1771ab06c969d946d7dfd0
et-xmlfile==2.0.0 --hash=sha256:7a91720bc756843502c3b7504c77b8fe44217c85c537d85037f0f536151b2caa
greenlet==3.5.5 --hash=sha256:147b25a42e5ca5be3d42356e8f608b37af715a1c196e9bf9d1627f3341adfe1d
idna==3.19 --hash=sha256:815e7be7a7806d54abb586dc943addc79e8b2ee16915059658cbeff4b1b43bf4
inquirer==3.4.1 --hash=sha256:717bf146d547b595d2495e7285fd55545cff85e5ce01decc7487d2ec6a605412
isodate==0.7.2 --hash=sha256:28009937d8031054830160fce6d409ed342816b543597cece116d966c6d99e15
jinxed==2.1.0 --hash=sha256:43b802d18b70e405d410fb66eb2837d1101e7e5ea922e666507bb43f34d11d09
kombu==5.6.2 --hash=sha256:efcfc559da324d41d61ca311b0c64965ea35b4c55cc04ee36e55386145dace93
language-tags==1.3.1 --hash=sha256:f7db7ef8879523019603e09644a86d95ba60595ce5e5ea82d46e8971b0f68f7b
lxml==6.1.3 --hash=sha256:379f8a75cf6eb7eef0af074b55f49ab73b868388a98de14646abcdfa4564bb11
markdown-it-py==4.2.0 --hash=sha256:9f7ebbcd14fe59494226453aed97c1070d83f8d24b6fc3a3bcf9a38092641c4a
mdurl==0.1.2 --hash=sha256:84008a41e51615a49fc9966191ff91509e3c40b939176e643fd50a5c2196b8f8
mssql-django==1.4 --hash=sha256:9e9b8d66dae9deacad490bc762c200d9a351e0967100b443f8df1106d926686c
numpy==2.5.3 --hash=sha256:b7e18c623bb5c95acb3b3328861272816ba199fb531921c5d6d0b675f1fde9e3
openpyxl==3.1.5 --hash=sha256:5282c12b107bffeef825f4617dc029afaf41d0ea60823bbb665ef3079dc79de2
orjson==3.12.0 --hash=sha256:1192a7021b6d071aaf909864f6e924d6a2675ca360485b972b8401749311750b
packaging==26.3 --hash=sha256:d7193f7c8e4e93f444fde0262bf90af30e16fa0ad0ad44cb553c87339b23cd1c
pandas==2.2.3 --hash=sha256:fffb8ae78d8af97f849404f21411c95062db1496aeb3e56f146f0355c9989319
platformdirs==4.11.7 --hash=sha256:8a02cb259042c79d1cd0450facc2fe6dc9d303ae7901afbe33bf8ea0b188cef6
playwright==1.52.0 --hash=sha256:d010124d24a321e0489a8c0d38a3971a7ca7656becea7656c9376bfea7f916d4
prompt-toolkit==3.0.53 --hash=sha256:01c0891d7f9237d5e339f7d3e42cdae80b7534abb1c7c0e3352efba6231492f2
pycparser==3.0 --hash=sha256:b727414169a36b7d524c1c3e31839a521725078d7b2ff038656844266160a992
pyee==13.0.1 --hash=sha256:af2f8fede4171ef667dfded53f96e2ed0d6e6bd7ee3bb46437f77e3b57689228
pygments==2.21.0 --hash=sha256:2363c69b61c4a97c838da3b130dcd6468f4848992b21a82f2a63ec34377137d9
pyodbc==5.1.0 --hash=sha256:b0df69e3a500791b70b5748c68a79483b24428e4c16027b56aa0305e95c143a4
PySocks==1.7.1 --hash=sha256:2725bd0a9925919b9b51739eea5f9e2bae91e83288108a9ad338b2e3a4435ee5
python-dateutil==2.9.0.post0 --hash=sha256:a8b2bc7bffae282281c8140a97d3aa9c14da0b136dfe83f850eea9a5f7470427
pytz==2026.3.post1 --hash=sha256:dd95840dd199baea12d9cc096a1d452caa6596a1c1e4b5f3dbd1541855d5e815
pyyaml==6.0.3 --hash=sha256:ba1cc08a7ccde2d2ec775841541641e4548226580ab850948cbfda66a1befcdc
readchar==4.2.2 --hash=sha256:92daf7e42c52b0787e6c75d01ecfb9a94f4ceff3764958b570c1dddedd47b200
requests==2.32.5 --hash=sha256:2462f94637a34fd532264295e186976db0f5d453d1cdd31473c85a6a161affb6
rich==15.0.0 --hash=sha256:33bd4ef74232fb73fe9279a257718407f169c09b78a87ad3d296f548e27de0bb
rich-click==1.9.9 --hash=sha256:365e7a9d0adb42e41ea832a0a12e02c44c079a26536dee688125eb9814f97274
runs==1.3.0 --hash=sha256:e71a551cfa8da9ef882cac1d5a108bda78c9edee5b8d87e37c1003da5b6a7bed
screeninfo==0.8.1 --hash=sha256:e97d6b173856edcfa3bd282f81deb528188aff14b11ec3e195584e7641be733c
six==1.17.0 --hash=sha256:4721f391ed90541fddacab5acf947aa0d3dc7d27b2e1e8eda2be8970586c3274
soupsieve==2.9.2 --hash=sha256:8089a26fd974ca7a1f30276d3d8492ab266ab15af581642dfe8aa162e0c1c823
sqlparse==0.6.0 --hash=sha256:b861c0288ce2fa56209a9a6412d2e066ac664b3873b89c26c9d8415e8e32996f
typing-extensions==4.16.0 --hash=sha256:481caa481374e813c1b176ada14e97f1f67a4539ce9cfeb3f350d78d6370c2e8
tzdata==2026.3 --hash=sha256:dc096730c87af6cab1b171c9d532be840741ff5d459015e7f6947bd7d7e54931
ua-parser==1.0.2 --hash=sha256:0f8e6d0484af2a9ff804bba5a4fe696e87c028eaba98ad9a7dfae873fef7788a
ua-parser-builtins==202606 --hash=sha256:13b483eb12a5419c1094ce02b7df705fefc6b5d869764b3ffbf6c940c6d014cb
urllib3==2.7.0 --hash=sha256:9fb4c81ebbb1ce9531cce37674bbc6f1360472bc18ca9a553ede278ef7276897
vine==5.1.0 --hash=sha256:40fdf3c48b2cfe1c38a49e9ae2da6fda88e4794c810050a728bd7413811fb1dc
wcwidth==0.8.3 --hash=sha256:d5b73dba6158a595ec9370350e7f2637bcac8d6c5e4fde34f30fcffb6103a5e4
xmod==1.10.0 --hash=sha256:bebf8493b7ac63097401590a329c9ed20da224de0583a522e7ccb634af122f5a
