# Additional wheels for Python 3.12 / Linux amd64; base dependencies are locked in deploy/scraping/requirements.lock.
django-environ==0.11.2 --hash=sha256:0ff95ab4344bfeff693836aa978e6840abef2e2f1145adff7735892711590c05
django-storages==1.14.4 --hash=sha256:d61930acb4a25e3aebebc6addaf946a3b1df31c803a6bf1af2f31c9047febaa3
djangorestframework==3.15.2 --hash=sha256:2b8871b062ba1aefc2de01f773875441a961fefbf79f5eed1e32b2f096944b20
google-auth==2.57.1 --hash=sha256:ab439dee60a6856412bc058f13a68eb6a59c5b81526bb89cfdcf89ce9c0a48c9
pillow==10.4.0 --hash=sha256:bf2342ac639c4cf38799a44950bbc2dfcb685f052b9e262f446482afaf4bffca
pyasn1-modules==0.4.2 --hash=sha256:29253a9207ce32b64c3ac6600edc75368f98473906e8fd1043bd6b5b1de2c14a
pyasn1==0.6.4 --hash=sha256:deda9277cfd454080ec40b207fb6df82206a3a2688735233cdcd8d3d565f088b
